
Microsoft Visual Studio Solution File, Format Version 12.00
# Visual Studio Version 17
VisualStudioVersion = 17.6.33815.320
MinimumVisualStudioVersion = 10.0.40219.1
Project("{2150E333-8FDC-42A3-9474-1A3956D46DE8}") = "Core", "Core", "{4F30698A-9836-4FEE-94EB-CEA42FF96BD7}"
EndProject
Project("{2150E333-8FDC-42A3-9474-1A3956D46DE8}") = "Presentation", "Presentation", "{CADF5033-3441-4A18-9587-25E03778818B}"
EndProject
Project("{2150E333-8FDC-42A3-9474-1A3956D46DE8}") = "Application", "Application", "{F33BCF1C-769D-488C-B473-C735B8E363D2}"
EndProject
Project("{9A19103F-16F7-4668-BE54-9A1E7A4F7556}") = "Application", "Application\Application.csproj", "{A3E5B105-FA85-4096-9FFC-22A13D182269}"
EndProject
Project("{2150E333-8FDC-42A3-9474-1A3956D46DE8}") = "Shared", "Shared", "{02EA681E-C7D8-13C7-8484-4AC65E1B71E8}"
EndProject
Project("{FAE04EC0-301F-11D3-BF4B-00C04F79EFBC}") = "Logging", "Infrastructure\Logging\Logging.csproj", "{AAE33F44-0973-781E-F629-022FD1175598}"
EndProject
Project("{FAE04EC0-301F-11D3-BF4B-00C04F79EFBC}") = "Visualization", "Infrastructure\Visualization\Visualization.csproj", "{115A863D-A218-46BF-ECF1-BF461EF51596}"
EndProject
Project("{2150E333-8FDC-42A3-9474-1A3956D46DE8}") = "Infrastructure", "Infrastructure", "{E9F1E074-1C1B-45A6-94ED-967285086D88}"
EndProject
Project("{FAE04EC0-301F-11D3-BF4B-00C04F79EFBC}") = "ConsoleApp", "Presentation\ConsoleApp\ConsoleApp.csproj", "{F9024D46-036F-B4DA-6947-316B8B693C93}"
EndProject
Project("{FAE04EC0-301F-11D3-BF4B-00C04F79EFBC}") = "Domain", "Core\Domain\Domain.csproj", "{8DB9935B-679C-C53D-3174-AF920142537E}"
EndProject
Project("{FAE04EC0-301F-11D3-BF4B-00C04F79EFBC}") = "DomainTests", "Core\DomainTests\DomainTests.csproj", "{52D02F0F-1536-51E4-0F11-F7DE4A18EBB5}"
EndProject
Project("{FAE04EC0-301F-11D3-BF4B-00C04F79EFBC}") = "Extensions", "Shared\Extensions\Extensions.csproj", "{24AD3F69-12C2-A880-86D1-2D016B406966}"
EndProject
Project("{FAE04EC0-301F-11D3-BF4B-00C04F79EFBC}") = "ExtensionsTests", "Shared\ExtensionsTests\ExtensionsTests.csproj", "{41E17F03-CF48-8BF7-73F1-751BA52104A4}"
EndProject
Project("{2150E333-8FDC-42A3-9474-1A3956D46DE8}") = "Solution Items", "Solution Items", "{81996B70-5B0C-4B81-87B3-58E35C0E8022}"
	ProjectSection(SolutionItems) = preProject
		.editorconfig = .editorconfig
	EndProjectSection
EndProject
Global
	GlobalSection(SolutionConfigurationPlatforms) = preSolution
		Debug|Any CPU = Debug|Any CPU
		Release|Any CPU = Release|Any CPU
	EndGlobalSection
	GlobalSection(ProjectConfigurationPlatforms) = postSolution
		{A3E5B105-FA85-4096-9FFC-22A13D182269}.Debug|Any CPU.ActiveCfg = Debug|Any CPU
		{A3E5B105-FA85-4096-9FFC-22A13D182269}.Debug|Any CPU.Build.0 = Debug|Any CPU
		{A3E5B105-FA85-4096-9FFC-22A13D182269}.Release|Any CPU.ActiveCfg = Release|Any CPU
		{A3E5B105-FA85-4096-9FFC-22A13D182269}.Release|Any CPU.Build.0 = Release|Any CPU
		{AAE33F44-0973-781E-F629-022FD1175598}.Debug|Any CPU.ActiveCfg = Debug|Any CPU
		{AAE33F44-0973-781E-F629-022FD1175598}.Debug|Any CPU.Build.0 = Debug|Any CPU
		{AAE33F44-0973-781E-F629-022FD1175598}.Release|Any CPU.ActiveCfg = Release|Any CPU
		{AAE33F44-0973-781E-F629-022FD1175598}.Release|Any CPU.Build.0 = Release|Any CPU
		{115A863D-A218-46BF-ECF1-BF461EF51596}.Debug|Any CPU.ActiveCfg = Debug|Any CPU
		{115A863D-A218-46BF-ECF1-BF461EF51596}.Debug|Any CPU.Build.0 = Debug|Any CPU
		{115A863D-A218-46BF-ECF1-BF461EF51596}.Release|Any CPU.ActiveCfg = Release|Any CPU
		{115A863D-A218-46BF-ECF1-BF461EF51596}.Release|Any CPU.Build.0 = Release|Any CPU
		{F9024D46-036F-B4DA-6947-316B8B693C93}.Debug|Any CPU.ActiveCfg = Debug|Any CPU
		{F9024D46-036F-B4DA-6947-316B8B693C93}.Debug|Any CPU.Build.0 = Debug|Any CPU
		{F9024D46-036F-B4DA-6947-316B8B693C93}.Release|Any CPU.ActiveCfg = Release|Any CPU
		{F9024D46-036F-B4DA-6947-316B8B693C93}.Release|Any CPU.Build.0 = Release|Any CPU
		{8DB9935B-679C-C53D-3174-AF920142537E}.Debug|Any CPU.ActiveCfg = Debug|Any CPU
		{8DB9935B-679C-C53D-3174-AF920142537E}.Debug|Any CPU.Build.0 = Debug|Any CPU
		{8DB9935B-679C-C53D-3174-AF920142537E}.Release|Any CPU.ActiveCfg = Release|Any CPU
		{8DB9935B-679C-C53D-3174-AF920142537E}.Release|Any CPU.Build.0 = Release|Any CPU
		{52D02F0F-1536-51E4-0F11-F7DE4A18EBB5}.Debug|Any CPU.ActiveCfg = Debug|Any CPU
		{52D02F0F-1536-51E4-0F11-F7DE4A18EBB5}.Debug|Any CPU.Build.0 = Debug|Any CPU
		{52D02F0F-1536-51E4-0F11-F7DE4A18EBB5}.Release|Any CPU.ActiveCfg = Release|Any CPU
		{52D02F0F-1536-51E4-0F11-F7DE4A18EBB5}.Release|Any CPU.Build.0 = Release|Any CPU
		{24AD3F69-12C2-A880-86D1-2D016B406966}.Debug|Any CPU.ActiveCfg = Debug|Any CPU
		{24AD3F69-12C2-A880-86D1-2D016B406966}.Debug|Any CPU.Build.0 = Debug|Any CPU
		{24AD3F69-12C2-A880-86D1-2D016B406966}.Release|Any CPU.ActiveCfg = Release|Any CPU
		{24AD3F69-12C2-A880-86D1-2D016B406966}.Release|Any CPU.Build.0 = Release|Any CPU
		{41E17F03-CF48-8BF7-73F1-751BA52104A4}.Debug|Any CPU.ActiveCfg = Debug|Any CPU
		{41E17F03-CF48-8BF7-73F1-751BA52104A4}.Debug|Any CPU.Build.0 = Debug|Any CPU
		{41E17F03-CF48-8BF7-73F1-751BA52104A4}.Release|Any CPU.ActiveCfg = Release|Any CPU
		{41E17F03-CF48-8BF7-73F1-751BA52104A4}.Release|Any CPU.Build.0 = Release|Any CPU
	EndGlobalSection
	GlobalSection(SolutionProperties) = preSolution
		HideSolutionNode = FALSE
	EndGlobalSection
	GlobalSection(NestedProjects) = preSolution
		{A3E5B105-FA85-4096-9FFC-22A13D182269} = {F33BCF1C-769D-488C-B473-C735B8E363D2}
		{AAE33F44-0973-781E-F629-022FD1175598} = {E9F1E074-1C1B-45A6-94ED-967285086D88}
		{115A863D-A218-46BF-ECF1-BF461EF51596} = {E9F1E074-1C1B-45A6-94ED-967285086D88}
		{F9024D46-036F-B4DA-6947-316B8B693C93} = {CADF5033-3441-4A18-9587-25E03778818B}
		{8DB9935B-679C-C53D-3174-AF920142537E} = {4F30698A-9836-4FEE-94EB-CEA42FF96BD7}
		{52D02F0F-1536-51E4-0F11-F7DE4A18EBB5} = {4F30698A-9836-4FEE-94EB-CEA42FF96BD7}
		{24AD3F69-12C2-A880-86D1-2D016B406966} = {02EA681E-C7D8-13C7-8484-4AC65E1B71E8}
		{41E17F03-CF48-8BF7-73F1-751BA52104A4} = {02EA681E-C7D8-13C7-8484-4AC65E1B71E8}
	EndGlobalSection
	GlobalSection(ExtensibilityGlobals) = postSolution
		SolutionGuid = {7FDA3261-138A-4671-96E3-AE81BEB4CF5D}
	EndGlobalSection
EndGlobal
