
Microsoft Visual Studio Solution File, Format Version 12.00
# Visual Studio Version 17
VisualStudioVersion = 17.6.33815.320
MinimumVisualStudioVersion = 10.0.40219.1
Project("{9A19103F-16F7-4668-BE54-9A1E7A4F7556}") = "Domain", "Domain\Domain.csproj", "{06CED89E-9817-44E4-9D73-6F4CFAAF7A3C}"
EndProject
Project("{9A19103F-16F7-4668-BE54-9A1E7A4F7556}") = "DomainTests", "DomainTests\DomainTests.csproj", "{B40981FF-5DE6-485E-A831-33EF21D3828E}"
EndProject
Project("{2150E333-8FDC-42A3-9474-1A3956D46DE8}") = "Core", "Core", "{4F30698A-9836-4FEE-94EB-CEA42FF96BD7}"
EndProject
Project("{2150E333-8FDC-42A3-9474-1A3956D46DE8}") = "Presentation", "Presentation", "{CADF5033-3441-4A18-9587-25E03778818B}"
EndProject
Project("{9A19103F-16F7-4668-BE54-9A1E7A4F7556}") = "ConsoleApp", "ConsoleApp\ConsoleApp.csproj", "{9BDE0F24-CE80-4D21-A281-37D2B9F565D3}"
	ProjectSection(ProjectDependencies) = postProject
		{37FF106A-218C-4DF3-9CE5-FD87C3863731} = {37FF106A-218C-4DF3-9CE5-FD87C3863731}
	EndProjectSection
EndProject
Project("{2150E333-8FDC-42A3-9474-1A3956D46DE8}") = "Application", "Application", "{F33BCF1C-769D-488C-B473-C735B8E363D2}"
EndProject
Project("{9A19103F-16F7-4668-BE54-9A1E7A4F7556}") = "Application", "Application\Application.csproj", "{A3E5B105-FA85-4096-9FFC-22A13D182269}"
EndProject
Project("{2150E333-8FDC-42A3-9474-1A3956D46DE8}") = "Shared", "Shared", "{02EA681E-C7D8-13C7-8484-4AC65E1B71E8}"
EndProject
Project("{9A19103F-16F7-4668-BE54-9A1E7A4F7556}") = "Extensions", "Extensions\Extensions.csproj", "{293B8F83-30BC-4092-9FF8-24DF7F9EACB5}"
EndProject
Project("{9A19103F-16F7-4668-BE54-9A1E7A4F7556}") = "ExtensionsTests", "ExtensionsTests\ExtensionsTests.csproj", "{5CF86114-3A74-42DE-B12D-42EEB6CC3410}"
EndProject
Project("{2150E333-8FDC-42A3-9474-1A3956D46DE8}") = "Infrastructure", "Infrastructure", "{64C4BDE2-B3F0-4803-A5CA-967A2FFD0EE0}"
EndProject
Project("{9A19103F-16F7-4668-BE54-9A1E7A4F7556}") = "Logging", "Logging\Logging.csproj", "{37FF106A-218C-4DF3-9CE5-FD87C3863731}"
EndProject
Project("{2150E333-8FDC-42A3-9474-1A3956D46DE8}") = "Infrastructure", "Infrastructure", "{9F4447BB-DD89-4C20-961F-E9F9E4D96932}"
EndProject
Project("{FAE04EC0-301F-11D3-BF4B-00C04F79EFBC}") = "Visualization", "Visualization\Visualization.csproj", "{7AB3E4C2-6708-4177-A8EE-B854DF976939}"
EndProject
Global
	GlobalSection(SolutionConfigurationPlatforms) = preSolution
		Debug|Any CPU = Debug|Any CPU
		Release|Any CPU = Release|Any CPU
	EndGlobalSection
	GlobalSection(ProjectConfigurationPlatforms) = postSolution
		{06CED89E-9817-44E4-9D73-6F4CFAAF7A3C}.Debug|Any CPU.ActiveCfg = Debug|Any CPU
		{06CED89E-9817-44E4-9D73-6F4CFAAF7A3C}.Debug|Any CPU.Build.0 = Debug|Any CPU
		{06CED89E-9817-44E4-9D73-6F4CFAAF7A3C}.Release|Any CPU.ActiveCfg = Release|Any CPU
		{06CED89E-9817-44E4-9D73-6F4CFAAF7A3C}.Release|Any CPU.Build.0 = Release|Any CPU
		{B40981FF-5DE6-485E-A831-33EF21D3828E}.Debug|Any CPU.ActiveCfg = Debug|Any CPU
		{B40981FF-5DE6-485E-A831-33EF21D3828E}.Debug|Any CPU.Build.0 = Debug|Any CPU
		{B40981FF-5DE6-485E-A831-33EF21D3828E}.Release|Any CPU.ActiveCfg = Release|Any CPU
		{B40981FF-5DE6-485E-A831-33EF21D3828E}.Release|Any CPU.Build.0 = Release|Any CPU
		{9BDE0F24-CE80-4D21-A281-37D2B9F565D3}.Debug|Any CPU.ActiveCfg = Debug|Any CPU
		{9BDE0F24-CE80-4D21-A281-37D2B9F565D3}.Debug|Any CPU.Build.0 = Debug|Any CPU
		{9BDE0F24-CE80-4D21-A281-37D2B9F565D3}.Release|Any CPU.ActiveCfg = Release|Any CPU
		{9BDE0F24-CE80-4D21-A281-37D2B9F565D3}.Release|Any CPU.Build.0 = Release|Any CPU
		{A3E5B105-FA85-4096-9FFC-22A13D182269}.Debug|Any CPU.ActiveCfg = Debug|Any CPU
		{A3E5B105-FA85-4096-9FFC-22A13D182269}.Debug|Any CPU.Build.0 = Debug|Any CPU
		{A3E5B105-FA85-4096-9FFC-22A13D182269}.Release|Any CPU.ActiveCfg = Release|Any CPU
		{A3E5B105-FA85-4096-9FFC-22A13D182269}.Release|Any CPU.Build.0 = Release|Any CPU
		{293B8F83-30BC-4092-9FF8-24DF7F9EACB5}.Debug|Any CPU.ActiveCfg = Debug|Any CPU
		{293B8F83-30BC-4092-9FF8-24DF7F9EACB5}.Debug|Any CPU.Build.0 = Debug|Any CPU
		{293B8F83-30BC-4092-9FF8-24DF7F9EACB5}.Release|Any CPU.ActiveCfg = Release|Any CPU
		{293B8F83-30BC-4092-9FF8-24DF7F9EACB5}.Release|Any CPU.Build.0 = Release|Any CPU
		{5CF86114-3A74-42DE-B12D-42EEB6CC3410}.Debug|Any CPU.ActiveCfg = Debug|Any CPU
		{5CF86114-3A74-42DE-B12D-42EEB6CC3410}.Debug|Any CPU.Build.0 = Debug|Any CPU
		{5CF86114-3A74-42DE-B12D-42EEB6CC3410}.Release|Any CPU.ActiveCfg = Release|Any CPU
		{5CF86114-3A74-42DE-B12D-42EEB6CC3410}.Release|Any CPU.Build.0 = Release|Any CPU
		{7AB3E4C2-6708-4177-A8EE-B854DF976939}.Debug|Any CPU.ActiveCfg = Debug|Any CPU
		{7AB3E4C2-6708-4177-A8EE-B854DF976939}.Debug|Any CPU.Build.0 = Debug|Any CPU
		{7AB3E4C2-6708-4177-A8EE-B854DF976939}.Release|Any CPU.ActiveCfg = Release|Any CPU
		{7AB3E4C2-6708-4177-A8EE-B854DF976939}.Release|Any CPU.Build.0 = Release|Any CPU
		{37FF106A-218C-4DF3-9CE5-FD87C3863731}.Debug|Any CPU.ActiveCfg = Debug|Any CPU
		{37FF106A-218C-4DF3-9CE5-FD87C3863731}.Debug|Any CPU.Build.0 = Debug|Any CPU
		{37FF106A-218C-4DF3-9CE5-FD87C3863731}.Release|Any CPU.ActiveCfg = Release|Any CPU
		{37FF106A-218C-4DF3-9CE5-FD87C3863731}.Release|Any CPU.Build.0 = Release|Any CPU
	EndGlobalSection
	GlobalSection(SolutionProperties) = preSolution
		HideSolutionNode = FALSE
	EndGlobalSection
	GlobalSection(NestedProjects) = preSolution
		{06CED89E-9817-44E4-9D73-6F4CFAAF7A3C} = {4F30698A-9836-4FEE-94EB-CEA42FF96BD7}
		{B40981FF-5DE6-485E-A831-33EF21D3828E} = {4F30698A-9836-4FEE-94EB-CEA42FF96BD7}
		{9BDE0F24-CE80-4D21-A281-37D2B9F565D3} = {CADF5033-3441-4A18-9587-25E03778818B}
		{A3E5B105-FA85-4096-9FFC-22A13D182269} = {F33BCF1C-769D-488C-B473-C735B8E363D2}
		{293B8F83-30BC-4092-9FF8-24DF7F9EACB5} = {02EA681E-C7D8-13C7-8484-4AC65E1B71E8}
		{5CF86114-3A74-42DE-B12D-42EEB6CC3410} = {02EA681E-C7D8-13C7-8484-4AC65E1B71E8}
		{7AB3E4C2-6708-4177-A8EE-B854DF976939} = {9F4447BB-DD89-4C20-961F-E9F9E4D96932}
		{37FF106A-218C-4DF3-9CE5-FD87C3863731} = {64C4BDE2-B3F0-4803-A5CA-967A2FFD0EE0}
	EndGlobalSection
	GlobalSection(ExtensibilityGlobals) = postSolution
		SolutionGuid = {7FDA3261-138A-4671-96E3-AE81BEB4CF5D}
	EndGlobalSection
EndGlobal
